{
  "requires": true,
  "lockfileVersion": 1,
  "dependencies": {
    "element-ready": {
      "version": "4.1.1",
      "resolved": "https://registry.npmjs.org/element-ready/-/element-ready-4.1.1.tgz",
      "integrity": "sha512-GdMA0nVR8YL9adRU//YCwI0aunw4d8oI+9gSH2kJLwcdsYBoGUWbG79AGfvcmlUyLE+amZXOe1VX2nTlcsxYBQ==",
      "requires": {
        "many-keys-map": "^1.0.1",
        "p-defer": "^3.0.0"
      }
    },
    "gridjs": {
      "version": "1.17.0",
      "resolved": "https://registry.npmjs.org/gridjs/-/gridjs-1.17.0.tgz",
      "integrity": "sha512-Y/Za65jbPUXlFi68Db0nBDK23lEzIeM0w7NHZHA0hjfF4yqkrKSTGvjE8e4rBcIoLK7Rf1XFnpKDOY19TBvS/g==",
      "requires": {
        "preact": "^10.4.8",
        "tslib": "^2.0.1"
      }
    },
    "gridjs-vue": {
      "version": "0.5.2",
      "resolved": "https://registry.npmjs.org/gridjs-vue/-/gridjs-vue-0.5.2.tgz",
      "integrity": "sha512-0kOB8HR1B5tBVFJLyNNhicOZsaQblqVMC12nCJkdWQpZJH9s2JgXoocmj1KmoiCWzHrgKUoUmha349CVreLhjQ==",
      "requires": {
        "element-ready": "^4.1.1",
        "gridjs": "^1.11.0",
        "nanoid": "^3.1.10",
        "vue-runtime-helpers": "1.1.2"
      }
    },
    "many-keys-map": {
      "version": "1.0.2",
      "resolved": "https://registry.npmjs.org/many-keys-map/-/many-keys-map-1.0.2.tgz",
      "integrity": "sha512-bOXZsgmnTHkvWQCpq9WBnX5JNfJ1WTq9+QdzXe1UA3eu0+8llCrDSPOTKo1IVUrnzW0N0f9pZd95CDpKUC73uw=="
    },
    "nanoid": {
      "version": "3.1.12",
      "resolved": "https://registry.npmjs.org/nanoid/-/nanoid-3.1.12.tgz",
      "integrity": "sha512-1qstj9z5+x491jfiC4Nelk+f8XBad7LN20PmyWINJEMRSf3wcAjAWysw1qaA8z6NSKe2sjq1hRSDpBH5paCb6A=="
    },
    "p-defer": {
      "version": "3.0.0",
      "resolved": "https://registry.npmjs.org/p-defer/-/p-defer-3.0.0.tgz",
      "integrity": "sha512-ugZxsxmtTln604yeYd29EGrNhazN2lywetzpKhfmQjW/VJmhpDmWbiX+h0zL8V91R0UXkhb3KtPmyq9PZw3aYw=="
    },
    "preact": {
      "version": "10.4.8",
      "resolved": "https://registry.npmjs.org/preact/-/preact-10.4.8.tgz",
      "integrity": "sha512-uVLeEAyRsCkUEFhVHlOu17OxcrwC7+hTGZ08kBoLBiGHiZooUZuibQnphgMKftw/rqYntNMyhVCPqQhcyAGHag=="
    },
    "tslib": {
      "version": "2.0.1",
      "resolved": "https://registry.npmjs.org/tslib/-/tslib-2.0.1.tgz",
      "integrity": "sha512-SgIkNheinmEBgx1IUNirK0TUD4X9yjjBRTqqjggWCU3pUEqIk3/Uwl3yRixYKT6WjQuGiwDv4NomL3wqRCj+CQ=="
    },
    "vue-runtime-helpers": {
      "version": "1.1.2",
      "resolved": "https://registry.npmjs.org/vue-runtime-helpers/-/vue-runtime-helpers-1.1.2.tgz",
      "integrity": "sha512-pZfGp+PW/IXEOyETE09xQHR1CKkR9HfHZdnMD/FVLUNI+HxYTa82evx5WrF6Kz4s82qtqHvMZ8MZpbk2zT2E1Q=="
    }
  }
}
